
Microsoft Visual Studio Solution File, Format Version 12.00
# Visual Studio Version 16
VisualStudioVersion = 16.0.32802.440
MinimumVisualStudioVersion = 10.0.40219.1
Project("{9A19103F-16F7-4668-BE54-9A1E7A4F7556}") = "Strategy", "Strategy\Strategy.csproj", "{6AE0BAFC-C58A-4B7C-AE2C-103845BCC592}"
EndProject
Project("{9A19103F-16F7-4668-BE54-9A1E7A4F7556}") = "ChainOfResponsibility", "ChainOfResponsibility\ChainOfResponsibility.csproj", "{FE40A33E-35D0-4574-9A10-28A2B650CDE2}"
EndProject
Project("{9A19103F-16F7-4668-BE54-9A1E7A4F7556}") = "Models", "Models\Models.csproj", "{1DF3EB1A-FE97-4325-9A69-4939BB1BDB51}"
EndProject
Project("{2150E333-8FDC-42A3-9474-1A3956D46DE8}") = "0-Models", "0-Models", "{CDDF9114-9E91-4995-8331-FB79B174619C}"
EndProject
Project("{2150E333-8FDC-42A3-9474-1A3956D46DE8}") = "1-Examples", "1-Examples", "{528577F5-FE6F-40AE-97CF-F62B62F6967B}"
EndProject
Project("{9A19103F-16F7-4668-BE54-9A1E7A4F7556}") = "TemplateMethod", "TemplateMethod\TemplateMethod.csproj", "{BF4EFAD3-B9FE-4530-A71B-6C937FA40C9F}"
EndProject
Project("{9A19103F-16F7-4668-BE54-9A1E7A4F7556}") = "Decorator", "Decorator\Decorator.csproj", "{38719E84-02F0-423B-A494-D0C5178F6C57}"
EndProject
Project("{9A19103F-16F7-4668-BE54-9A1E7A4F7556}") = "State", "State\State.csproj", "{A75A1680-5B31-4151-A963-EB1BADFEF9E0}"
EndProject
Project("{9A19103F-16F7-4668-BE54-9A1E7A4F7556}") = "MethodChaining", "MethodChaining\MethodChaining.csproj", "{EE5ADBF3-651B-4458-BA31-3315042B4483}"
EndProject
Project("{9A19103F-16F7-4668-BE54-9A1E7A4F7556}") = "Observer", "Observer\Observer.csproj", "{4F7C3EE2-47E0-439E-9DAE-6F98C6656A5F}"
EndProject
Project("{2150E333-8FDC-42A3-9474-1A3956D46DE8}") = "01Strategy", "01Strategy", "{2EFEFD1C-1F4B-437D-B617-D8BAD4A8BB47}"
EndProject
Project("{2150E333-8FDC-42A3-9474-1A3956D46DE8}") = "02TemplateMethod", "02TemplateMethod", "{11212ADE-68CF-4261-A6EB-E525759070AF}"
EndProject
Project("{2150E333-8FDC-42A3-9474-1A3956D46DE8}") = "03ChainOfResponsibility", "03ChainOfResponsibility", "{085EB88E-E1E3-4840-9CCD-A900E823AD19}"
EndProject
Project("{2150E333-8FDC-42A3-9474-1A3956D46DE8}") = "04Decorator", "04Decorator", "{AEF5B8ED-5F3B-42D7-B3CF-3D74C7F0DD85}"
EndProject
Project("{2150E333-8FDC-42A3-9474-1A3956D46DE8}") = "05State", "05State", "{3B0F67A0-6812-4E24-A421-790B60318880}"
EndProject
Project("{2150E333-8FDC-42A3-9474-1A3956D46DE8}") = "06MethodChaining", "06MethodChaining", "{5F916A73-B39F-46CA-AA91-3CBDA82F6005}"
EndProject
Project("{2150E333-8FDC-42A3-9474-1A3956D46DE8}") = "07Observer", "07Observer", "{3402B425-7D08-4242-861C-133EB124BF2E}"
EndProject
Global
	GlobalSection(SolutionConfigurationPlatforms) = preSolution
		Debug|Any CPU = Debug|Any CPU
		Release|Any CPU = Release|Any CPU
	EndGlobalSection
	GlobalSection(ProjectConfigurationPlatforms) = postSolution
		{6AE0BAFC-C58A-4B7C-AE2C-103845BCC592}.Debug|Any CPU.ActiveCfg = Debug|Any CPU
		{6AE0BAFC-C58A-4B7C-AE2C-103845BCC592}.Debug|Any CPU.Build.0 = Debug|Any CPU
		{6AE0BAFC-C58A-4B7C-AE2C-103845BCC592}.Release|Any CPU.ActiveCfg = Release|Any CPU
		{6AE0BAFC-C58A-4B7C-AE2C-103845BCC592}.Release|Any CPU.Build.0 = Release|Any CPU
		{FE40A33E-35D0-4574-9A10-28A2B650CDE2}.Debug|Any CPU.ActiveCfg = Debug|Any CPU
		{FE40A33E-35D0-4574-9A10-28A2B650CDE2}.Debug|Any CPU.Build.0 = Debug|Any CPU
		{FE40A33E-35D0-4574-9A10-28A2B650CDE2}.Release|Any CPU.ActiveCfg = Release|Any CPU
		{FE40A33E-35D0-4574-9A10-28A2B650CDE2}.Release|Any CPU.Build.0 = Release|Any CPU
		{1DF3EB1A-FE97-4325-9A69-4939BB1BDB51}.Debug|Any CPU.ActiveCfg = Debug|Any CPU
		{1DF3EB1A-FE97-4325-9A69-4939BB1BDB51}.Debug|Any CPU.Build.0 = Debug|Any CPU
		{1DF3EB1A-FE97-4325-9A69-4939BB1BDB51}.Release|Any CPU.ActiveCfg = Release|Any CPU
		{1DF3EB1A-FE97-4325-9A69-4939BB1BDB51}.Release|Any CPU.Build.0 = Release|Any CPU
		{BF4EFAD3-B9FE-4530-A71B-6C937FA40C9F}.Debug|Any CPU.ActiveCfg = Debug|Any CPU
		{BF4EFAD3-B9FE-4530-A71B-6C937FA40C9F}.Debug|Any CPU.Build.0 = Debug|Any CPU
		{BF4EFAD3-B9FE-4530-A71B-6C937FA40C9F}.Release|Any CPU.ActiveCfg = Release|Any CPU
		{BF4EFAD3-B9FE-4530-A71B-6C937FA40C9F}.Release|Any CPU.Build.0 = Release|Any CPU
		{38719E84-02F0-423B-A494-D0C5178F6C57}.Debug|Any CPU.ActiveCfg = Debug|Any CPU
		{38719E84-02F0-423B-A494-D0C5178F6C57}.Debug|Any CPU.Build.0 = Debug|Any CPU
		{38719E84-02F0-423B-A494-D0C5178F6C57}.Release|Any CPU.ActiveCfg = Release|Any CPU
		{38719E84-02F0-423B-A494-D0C5178F6C57}.Release|Any CPU.Build.0 = Release|Any CPU
		{A75A1680-5B31-4151-A963-EB1BADFEF9E0}.Debug|Any CPU.ActiveCfg = Debug|Any CPU
		{A75A1680-5B31-4151-A963-EB1BADFEF9E0}.Debug|Any CPU.Build.0 = Debug|Any CPU
		{A75A1680-5B31-4151-A963-EB1BADFEF9E0}.Release|Any CPU.ActiveCfg = Release|Any CPU
		{A75A1680-5B31-4151-A963-EB1BADFEF9E0}.Release|Any CPU.Build.0 = Release|Any CPU
		{EE5ADBF3-651B-4458-BA31-3315042B4483}.Debug|Any CPU.ActiveCfg = Debug|Any CPU
		{EE5ADBF3-651B-4458-BA31-3315042B4483}.Debug|Any CPU.Build.0 = Debug|Any CPU
		{EE5ADBF3-651B-4458-BA31-3315042B4483}.Release|Any CPU.ActiveCfg = Release|Any CPU
		{EE5ADBF3-651B-4458-BA31-3315042B4483}.Release|Any CPU.Build.0 = Release|Any CPU
		{4F7C3EE2-47E0-439E-9DAE-6F98C6656A5F}.Debug|Any CPU.ActiveCfg = Debug|Any CPU
		{4F7C3EE2-47E0-439E-9DAE-6F98C6656A5F}.Debug|Any CPU.Build.0 = Debug|Any CPU
		{4F7C3EE2-47E0-439E-9DAE-6F98C6656A5F}.Release|Any CPU.ActiveCfg = Release|Any CPU
		{4F7C3EE2-47E0-439E-9DAE-6F98C6656A5F}.Release|Any CPU.Build.0 = Release|Any CPU
	EndGlobalSection
	GlobalSection(SolutionProperties) = preSolution
		HideSolutionNode = FALSE
	EndGlobalSection
	GlobalSection(NestedProjects) = preSolution
		{6AE0BAFC-C58A-4B7C-AE2C-103845BCC592} = {2EFEFD1C-1F4B-437D-B617-D8BAD4A8BB47}
		{FE40A33E-35D0-4574-9A10-28A2B650CDE2} = {085EB88E-E1E3-4840-9CCD-A900E823AD19}
		{1DF3EB1A-FE97-4325-9A69-4939BB1BDB51} = {CDDF9114-9E91-4995-8331-FB79B174619C}
		{BF4EFAD3-B9FE-4530-A71B-6C937FA40C9F} = {11212ADE-68CF-4261-A6EB-E525759070AF}
		{38719E84-02F0-423B-A494-D0C5178F6C57} = {AEF5B8ED-5F3B-42D7-B3CF-3D74C7F0DD85}
		{A75A1680-5B31-4151-A963-EB1BADFEF9E0} = {3B0F67A0-6812-4E24-A421-790B60318880}
		{EE5ADBF3-651B-4458-BA31-3315042B4483} = {5F916A73-B39F-46CA-AA91-3CBDA82F6005}
		{4F7C3EE2-47E0-439E-9DAE-6F98C6656A5F} = {3402B425-7D08-4242-861C-133EB124BF2E}
		{2EFEFD1C-1F4B-437D-B617-D8BAD4A8BB47} = {528577F5-FE6F-40AE-97CF-F62B62F6967B}
		{11212ADE-68CF-4261-A6EB-E525759070AF} = {528577F5-FE6F-40AE-97CF-F62B62F6967B}
		{085EB88E-E1E3-4840-9CCD-A900E823AD19} = {528577F5-FE6F-40AE-97CF-F62B62F6967B}
		{AEF5B8ED-5F3B-42D7-B3CF-3D74C7F0DD85} = {528577F5-FE6F-40AE-97CF-F62B62F6967B}
		{3B0F67A0-6812-4E24-A421-790B60318880} = {528577F5-FE6F-40AE-97CF-F62B62F6967B}
		{5F916A73-B39F-46CA-AA91-3CBDA82F6005} = {528577F5-FE6F-40AE-97CF-F62B62F6967B}
		{3402B425-7D08-4242-861C-133EB124BF2E} = {528577F5-FE6F-40AE-97CF-F62B62F6967B}
	EndGlobalSection
	GlobalSection(ExtensibilityGlobals) = postSolution
		SolutionGuid = {2BF7093B-61A0-49D2-8A2F-F4348CB61975}
	EndGlobalSection
EndGlobal
